// !$*UTF8*$!
{
	archiveVersion = 1;
	classes = {
	};
	objectVersion = 46;
	objects = {

/* Begin PBXBuildFile section */
		7307296E1774BFC800CBB1C2 /* UIKit.framework in Frameworks */ = {isa = PBXBuildFile; fileRef = 7307296D1774BFC800CBB1C2 /* UIKit.framework */; };
		730729701774BFC800CBB1C2 /* Foundation.framework in Frameworks */ = {isa = PBXBuildFile; fileRef = 7307296F1774BFC800CBB1C2 /* Foundation.framework */; };
		730729721774BFC800CBB1C2 /* CoreGraphics.framework in Frameworks */ = {isa = PBXBuildFile; fileRef = 730729711774BFC800CBB1C2 /* CoreGraphics.framework */; };
		730729781774BFC800CBB1C2 /* InfoPlist.strings in Resources */ = {isa = PBXBuildFile; fileRef = 730729761774BFC800CBB1C2 /* InfoPlist.strings */; };
		7307297A1774BFC800CBB1C2 /* main.m in Sources */ = {isa = PBXBuildFile; fileRef = 730729791774BFC800CBB1C2 /* main.m */; };
		7307297E1774BFC800CBB1C2 /* AppDelegate.m in Sources */ = {isa = PBXBuildFile; fileRef = 7307297D1774BFC800CBB1C2 /* AppDelegate.m */; };
		730729801774BFC800CBB1C2 /* Default.png in Resources */ = {isa = PBXBuildFile; fileRef = 7307297F1774BFC800CBB1C2 /* Default.png */; };
		730729821774BFC800CBB1C2 /* Default@2x.png in Resources */ = {isa = PBXBuildFile; fileRef = 730729811774BFC800CBB1C2 /* Default@2x.png */; };
		730729841774BFC800CBB1C2 /* Default-568h@2x.png in Resources */ = {isa = PBXBuildFile; fileRef = 730729831774BFC800CBB1C2 /* Default-568h@2x.png */; };
		730729871774BFC800CBB1C2 /* MainStoryboard_iPhone.storyboard in Resources */ = {isa = PBXBuildFile; fileRef = 730729851774BFC800CBB1C2 /* MainStoryboard_iPhone.storyboard */; };
		7307298A1774BFC800CBB1C2 /* MainStoryboard_iPad.storyboard in Resources */ = {isa = PBXBuildFile; fileRef = 730729881774BFC800CBB1C2 /* MainStoryboard_iPad.storyboard */; };
		7307298D1774BFC800CBB1C2 /* ViewController.m in Sources */ = {isa = PBXBuildFile; fileRef = 7307298C1774BFC800CBB1C2 /* ViewController.m */; };
/* End PBXBuildFile section */

/* Begin PBXFileReference section */
		7307296A1774BFC800CBB1C2 /* Project1.app */ = {isa = PBXFileReference; explicitFileType = wrapper.application; includeInIndex = 0; path = Project1.app; sourceTree = BUILT_PRODUCTS_DIR; };
		7307296D1774BFC800CBB1C2 /* UIKit.framework */ = {isa = PBXFileReference; lastKnownFileType = wrapper.framework; name = UIKit.framework; path = System/Library/Frameworks/UIKit.framework; sourceTree = SDKROOT; };
		7307296F1774BFC800CBB1C2 /* Foundation.framework */ = {isa = PBXFileReference; lastKnownFileType = wrapper.framework; name = Foundation.framework; path = System/Library/Frameworks/Foundation.framework; sourceTree = SDKROOT; };
		730729711774BFC800CBB1C2 /* CoreGraphics.framework */ = {isa = PBXFileReference; lastKnownFileType = wrapper.framework; name = CoreGraphics.framework; path = System/Library/Frameworks/CoreGraphics.framework; sourceTree = SDKROOT; };
		730729751774BFC800CBB1C2 /* Project1-Info.plist */ = {isa = PBXFileReference; lastKnownFileType = text.plist.xml; path = "Project1-Info.plist"; sourceTree = "<group>"; };
		730729771774BFC800CBB1C2 /* en */ = {isa = PBXFileReference; lastKnownFileType = text.plist.strings; name = en; path = en.lproj/InfoPlist.strings; sourceTree = "<group>"; };
		730729791774BFC800CBB1C2 /* main.m */ = {isa = PBXFileReference; lastKnownFileType = sourcecode.c.objc; path = main.m; sourceTree = "<group>"; };
		7307297B1774BFC800CBB1C2 /* Project1-Prefix.pch */ = {isa = PBXFileReference; lastKnownFileType = sourcecode.c.h; path = "Project1-Prefix.pch"; sourceTree = "<group>"; };
		7307297C1774BFC800CBB1C2 /* AppDelegate.h */ = {isa = PBXFileReference; lastKnownFileType = sourcecode.c.h; path = AppDelegate.h; sourceTree = "<group>"; };
		7307297D1774BFC800CBB1C2 /* AppDelegate.m */ = {isa = PBXFileReference; lastKnownFileType = sourcecode.c.objc; path = AppDelegate.m; sourceTree = "<group>"; };
		7307297F1774BFC800CBB1C2 /* Default.png */ = {isa = PBXFileReference; lastKnownFileType = image.png; path = Default.png; sourceTree = "<group>"; };
		730729811774BFC800CBB1C2 /* Default@2x.png */ = {isa = PBXFileReference; lastKnownFileType = image.png; path = "Default@2x.png"; sourceTree = "<group>"; };
		730729831774BFC800CBB1C2 /* Default-568h@2x.png */ = {isa = PBXFileReference; lastKnownFileType = image.png; path = "Default-568h@2x.png"; sourceTree = "<group>"; };
		730729861774BFC800CBB1C2 /* en */ = {isa = PBXFileReference; lastKnownFileType = file.storyboard; name = en; path = en.lproj/MainStoryboard_iPhone.storyboard; sourceTree = "<group>"; };
		730729891774BFC800CBB1C2 /* en */ = {isa = PBXFileReference; lastKnownFileType = file.storyboard; name = en; path = en.lproj/MainStoryboard_iPad.storyboard; sourceTree = "<group>"; };
		7307298B1774BFC800CBB1C2 /* ViewController.h */ = {isa = PBXFileReference; lastKnownFileType = sourcecode.c.h; path = ViewController.h; sourceTree = "<group>"; };
		7307298C1774BFC800CBB1C2 /* ViewController.m */ = {isa = PBXFileReference; lastKnownFileType = sourcecode.c.objc; path = ViewController.m; sourceTree = "<group>"; };
/* End PBXFileReference section */

/* Begin PBXFrameworksBuildPhase section */
		730729671774BFC800CBB1C2 /* Frameworks */ = {
			isa = PBXFrameworksBuildPhase;
			buildActionMask = 2147483647;
			files = (
				7307296E1774BFC800CBB1C2 /* UIKit.framework in Frameworks */,
				730729701774BFC800CBB1C2 /* Foundation.framework in Frameworks */,
				730729721774BFC800CBB1C2 /* CoreGraphics.framework in Frameworks */,
			);
			runOnlyForDeploymentPostprocessing = 0;
		};
/* End PBXFrameworksBuildPhase section */

/* Begin PBXGroup section */
		730729611774BFC800CBB1C2 = {
			isa = PBXGroup;
			children = (
				730729731774BFC800CBB1C2 /* Project1 */,
				7307296C1774BFC800CBB1C2 /* Frameworks */,
				7307296B1774BFC800CBB1C2 /* Products */,
			);
			sourceTree = "<group>";
		};
		7307296B1774BFC800CBB1C2 /* Products */ = {
			isa = PBXGroup;
			children = (
				7307296A1774BFC800CBB1C2 /* Project1.app */,
			);
			name = Products;
			sourceTree = "<group>";
		};
		7307296C1774BFC800CBB1C2 /* Frameworks */ = {
			isa = PBXGroup;
			children = (
				7307296D1774BFC800CBB1C2 /* UIKit.framework */,
				7307296F1774BFC800CBB1C2 /* Foundation.framework */,
				730729711774BFC800CBB1C2 /* CoreGraphics.framework */,
			);
			name = Frameworks;
			sourceTree = "<group>";
		};
		730729731774BFC800CBB1C2 /* Project1 */ = {
			isa = PBXGroup;
			children = (
				7307297C1774BFC800CBB1C2 /* AppDelegate.h */,
				7307297D1774BFC800CBB1C2 /* AppDelegate.m */,
				730729851774BFC800CBB1C2 /* MainStoryboard_iPhone.storyboard */,
				730729881774BFC800CBB1C2 /* MainStoryboard_iPad.storyboard */,
				7307298B1774BFC800CBB1C2 /* ViewController.h */,
				7307298C1774BFC800CBB1C2 /* ViewController.m */,
				730729741774BFC800CBB1C2 /* Supporting Files */,
			);
			path = Project1;
			sourceTree = "<group>";
		};
		730729741774BFC800CBB1C2 /* Supporting Files */ = {
			isa = PBXGroup;
			children = (
				730729751774BFC800CBB1C2 /* Project1-Info.plist */,
				730729761774BFC800CBB1C2 /* InfoPlist.strings */,
				730729791774BFC800CBB1C2 /* main.m */,
				7307297B1774BFC800CBB1C2 /* Project1-Prefix.pch */,
				7307297F1774BFC800CBB1C2 /* Default.png */,
				730729811774BFC800CBB1C2 /* Default@2x.png */,
				730729831774BFC800CBB1C2 /* Default-568h@2x.png */,
			);
			name = "Supporting Files";
			sourceTree = "<group>";
		};
/* End PBXGroup section */

/* Begin PBXNativeTarget section */
		730729691774BFC800CBB1C2 /* Project1 */ = {
			isa = PBXNativeTarget;
			buildConfigurationList = 730729901774BFC800CBB1C2 /* Build configuration list for PBXNativeTarget "Project1" */;
			buildPhases = (
				730729661774BFC800CBB1C2 /* Sources */,
				730729671774BFC800CBB1C2 /* Frameworks */,
				730729681774BFC800CBB1C2 /* Resources */,
			);
			buildRules = (
			);
			dependencies = (
			);
			name = Project1;
			productName = Project1;
			productReference = 7307296A1774BFC800CBB1C2 /* Project1.app */;
			productType = "com.apple.product-type.application";
		};
/* End PBXNativeTarget section */

/* Begin PBXProject section */
		730729621774BFC800CBB1C2 /* Project object */ = {
			isa = PBXProject;
			attributes = {
				LastUpgradeCheck = 0460;
				ORGANIZATIONNAME = "Rishab Chadha";
			};
			buildConfigurationList = 730729651774BFC800CBB1C2 /* Build configuration list for PBXProject "Project1" */;
			compatibilityVersion = "Xcode 3.2";
			developmentRegion = English;
			hasScannedForEncodings = 0;
			knownRegions = (
				en,
			);
			mainGroup = 730729611774BFC800CBB1C2;
			productRefGroup = 7307296B1774BFC800CBB1C2 /* Products */;
			projectDirPath = "";
			projectRoot = "";
			targets = (
				730729691774BFC800CBB1C2 /* Project1 */,
			);
		};
/* End PBXProject section */

/* Begin PBXResourcesBuildPhase section */
		730729681774BFC800CBB1C2 /* Resources */ = {
			isa = PBXResourcesBuildPhase;
			buildActionMask = 2147483647;
			files = (
				730729781774BFC800CBB1C2 /* InfoPlist.strings in Resources */,
				730729801774BFC800CBB1C2 /* Default.png in Resources */,
				730729821774BFC800CBB1C2 /* Default@2x.png in Resources */,
				730729841774BFC800CBB1C2 /* Default-568h@2x.png in Resources */,
				730729871774BFC800CBB1C2 /* MainStoryboard_iPhone.storyboard in Resources */,
				7307298A1774BFC800CBB1C2 /* MainStoryboard_iPad.storyboard in Resources */,
			);
			runOnlyForDeploymentPostprocessing = 0;
		};
/* End PBXResourcesBuildPhase section */

/* Begin PBXSourcesBuildPhase section */
		730729661774BFC800CBB1C2 /* Sources */ = {
			isa = PBXSourcesBuildPhase;
			buildActionMask = 2147483647;
			files = (
				7307297A1774BFC800CBB1C2 /* main.m in Sources */,
				7307297E1774BFC800CBB1C2 /* AppDelegate.m in Sources */,
				7307298D1774BFC800CBB1C2 /* ViewController.m in Sources */,
			);
			runOnlyForDeploymentPostprocessing = 0;
		};
/* End PBXSourcesBuildPhase section */

/* Begin PBXVariantGroup section */
		730729761774BFC800CBB1C2 /* InfoPlist.strings */ = {
			isa = PBXVariantGroup;
			children = (
				730729771774BFC800CBB1C2 /* en */,
			);
			name = InfoPlist.strings;
			sourceTree = "<group>";
		};
		730729851774BFC800CBB1C2 /* MainStoryboard_iPhone.storyboard */ = {
			isa = PBXVariantGroup;
			children = (
				730729861774BFC800CBB1C2 /* en */,
			);
			name = MainStoryboard_iPhone.storyboard;
			sourceTree = "<group>";
		};
		730729881774BFC800CBB1C2 /* MainStoryboard_iPad.storyboard */ = {
			isa = PBXVariantGroup;
			children = (
				730729891774BFC800CBB1C2 /* en */,
			);
			name = MainStoryboard_iPad.storyboard;
			sourceTree = "<group>";
		};
/* End PBXVariantGroup section */

/* Begin XCBuildConfiguration section */
		7307298E1774BFC800CBB1C2 /* Debug */ = {
			isa = XCBuildConfiguration;
			buildSettings = {
				ALWAYS_SEARCH_USER_PATHS = NO;
				CLANG_CXX_LANGUAGE_STANDARD = "gnu++0x";
				CLANG_CXX_LIBRARY = "libc++";
				CLANG_ENABLE_OBJC_ARC = YES;
				CLANG_WARN_CONSTANT_CONVERSION = YES;
				CLANG_WARN_EMPTY_BODY = YES;
				CLANG_WARN_ENUM_CONVERSION = YES;
				CLANG_WARN_INT_CONVERSION = YES;
				CLANG_WARN__DUPLICATE_METHOD_MATCH = YES;
				"CODE_SIGN_IDENTITY[sdk=iphoneos*]" = "iPhone Developer";
				COPY_PHASE_STRIP = NO;
				GCC_C_LANGUAGE_STANDARD = gnu99;
				GCC_DYNAMIC_NO_PIC = NO;
				GCC_OPTIMIZATION_LEVEL = 0;
				GCC_PREPROCESSOR_DEFINITIONS = (
					"DEBUG=1",
					"$(inherited)",
				);
				GCC_SYMBOLS_PRIVATE_EXTERN = NO;
				GCC_WARN_ABOUT_RETURN_TYPE = YES;
				GCC_WARN_UNINITIALIZED_AUTOS = YES;
				GCC_WARN_UNUSED_VARIABLE = YES;
				IPHONEOS_DEPLOYMENT_TARGET = 6.1;
				ONLY_ACTIVE_ARCH = YES;
				SDKROOT = iphoneos;
				TARGETED_DEVICE_FAMILY = "1,2";
			};
			name = Debug;
		};
		7307298F1774BFC800CBB1C2 /* Release */ = {
			isa = XCBuildConfiguration;
			buildSettings = {
				ALWAYS_SEARCH_USER_PATHS = NO;
				CLANG_CXX_LANGUAGE_STANDARD = "gnu++0x";
				CLANG_CXX_LIBRARY = "libc++";
				CLANG_ENABLE_OBJC_ARC = YES;
				CLANG_WARN_CONSTANT_CONVERSION = YES;
				CLANG_WARN_EMPTY_BODY = YES;
				CLANG_WARN_ENUM_CONVERSION = YES;
				CLANG_WARN_INT_CONVERSION = YES;
				CLANG_WARN__DUPLICATE_METHOD_MATCH = YES;
				"CODE_SIGN_IDENTITY[sdk=iphoneos*]" = "iPhone Developer";
				COPY_PHASE_STRIP = YES;
				GCC_C_LANGUAGE_STANDARD = gnu99;
				GCC_WARN_ABOUT_RETURN_TYPE = YES;
				GCC_WARN_UNINITIALIZED_AUTOS = YES;
				GCC_WARN_UNUSED_VARIABLE = YES;
				IPHONEOS_DEPLOYMENT_TARGET = 6.1;
				OTHER_CFLAGS = "-DNS_BLOCK_ASSERTIONS=1";
				SDKROOT = iphoneos;
				TARGETED_DEVICE_FAMILY = "1,2";
				VALIDATE_PRODUCT = YES;
			};
			name = Release;
		};
		730729911774BFC800CBB1C2 /* Debug */ = {
			isa = XCBuildConfiguration;
			buildSettings = {
				GCC_PRECOMPILE_PREFIX_HEADER = YES;
				GCC_PREFIX_HEADER = "Project1/Project1-Prefix.pch";
				INFOPLIST_FILE = "Project1/Project1-Info.plist";
				PRODUCT_NAME = "$(TARGET_NAME)";
				WRAPPER_EXTENSION = app;
			};
			name = Debug;
		};
		730729921774BFC800CBB1C2 /* Release */ = {
			isa = XCBuildConfiguration;
			buildSettings = {
				GCC_PRECOMPILE_PREFIX_HEADER = YES;
				GCC_PREFIX_HEADER = "Project1/Project1-Prefix.pch";
				INFOPLIST_FILE = "Project1/Project1-Info.plist";
				PRODUCT_NAME = "$(TARGET_NAME)";
				WRAPPER_EXTENSION = app;
			};
			name = Release;
		};
/* End XCBuildConfiguration section */

/* Begin XCConfigurationList section */
		730729651774BFC800CBB1C2 /* Build configuration list for PBXProject "Project1" */ = {
			isa = XCConfigurationList;
			buildConfigurations = (
				7307298E1774BFC800CBB1C2 /* Debug */,
				7307298F1774BFC800CBB1C2 /* Release */,
			);
			defaultConfigurationIsVisible = 0;
			defaultConfigurationName = Release;
		};
		730729901774BFC800CBB1C2 /* Build configuration list for PBXNativeTarget "Project1" */ = {
			isa = XCConfigurationList;
			buildConfigurations = (
				730729911774BFC800CBB1C2 /* Debug */,
				730729921774BFC800CBB1C2 /* Release */,
			);
			defaultConfigurationIsVisible = 0;
		};
/* End XCConfigurationList section */
	};
	rootObject = 730729621774BFC800CBB1C2 /* Project object */;
}
